// !$*UTF8*$!
{
	archiveVersion = 1;
	classes = {
	};
	objectVersion = 50;
	objects = {

/* Begin PBXBuildFile section */
		142EB16027C5CA60004DA7EA /* RestourantDetailView.swift in Sources */ = {isa = PBXBuildFile; fileRef = 142EB15F27C5CA60004DA7EA /* RestourantDetailView.swift */; };
		142EB16327C5E02A004DA7EA /* TextStyle.swift in Sources */ = {isa = PBXBuildFile; fileRef = 142EB16227C5E02A004DA7EA /* TextStyle.swift */; };
		142EB16527C61DDC004DA7EA /* LoginView.swift in Sources */ = {isa = PBXBuildFile; fileRef = 142EB16427C61DDC004DA7EA /* LoginView.swift */; };
		142EB16727C627F6004DA7EA /* TextFieldStyle.swift in Sources */ = {isa = PBXBuildFile; fileRef = 142EB16627C627F6004DA7EA /* TextFieldStyle.swift */; };
		14A2D29E27C29ADD002CB34B /* FoodOrderApp.swift in Sources */ = {isa = PBXBuildFile; fileRef = 14A2D29D27C29ADD002CB34B /* FoodOrderApp.swift */; };
		14A2D2A027C29ADD002CB34B /* ContentView.swift in Sources */ = {isa = PBXBuildFile; fileRef = 14A2D29F27C29ADD002CB34B /* ContentView.swift */; };
		14A2D2A227C29ADE002CB34B /* Assets.xcassets in Resources */ = {isa = PBXBuildFile; fileRef = 14A2D2A127C29ADE002CB34B /* Assets.xcassets */; };
		14A2D2A527C29ADE002CB34B /* Preview Assets.xcassets in Resources */ = {isa = PBXBuildFile; fileRef = 14A2D2A427C29ADE002CB34B /* Preview Assets.xcassets */; };
		14A2D2B027C29ADE002CB34B /* FoodOrderTests.swift in Sources */ = {isa = PBXBuildFile; fileRef = 14A2D2AF27C29ADE002CB34B /* FoodOrderTests.swift */; };
		14A2D2BB27C29ADE002CB34B /* FoodOrderUITests.swift in Sources */ = {isa = PBXBuildFile; fileRef = 14A2D2BA27C29ADE002CB34B /* FoodOrderUITests.swift */; };
		14A2D2CA27C29BD8002CB34B /* OnboardingView.swift in Sources */ = {isa = PBXBuildFile; fileRef = 14A2D2C927C29BD8002CB34B /* OnboardingView.swift */; };
		14B7F49327C54B2600B31F1D /* Color.swift in Sources */ = {isa = PBXBuildFile; fileRef = 14B7F49227C54B2600B31F1D /* Color.swift */; };
		14B7F49627C5554F00B31F1D /* Restaurant.swift in Sources */ = {isa = PBXBuildFile; fileRef = 14B7F49527C5554F00B31F1D /* Restaurant.swift */; };
		14B7F49827C565B200B31F1D /* Menu.swift in Sources */ = {isa = PBXBuildFile; fileRef = 14B7F49727C565B200B31F1D /* Menu.swift */; };
		14D64B6227C2AC6400DA69A9 /* HomeView.swift in Sources */ = {isa = PBXBuildFile; fileRef = 14D64B6127C2AC6400DA69A9 /* HomeView.swift */; };
/* End PBXBuildFile section */

/* Begin PBXContainerItemProxy section */
		14A2D2AC27C29ADE002CB34B /* PBXContainerItemProxy */ = {
			isa = PBXContainerItemProxy;
			containerPortal = 14A2D29227C29ADD002CB34B /* Project object */;
			proxyType = 1;
			remoteGlobalIDString = 14A2D29927C29ADD002CB34B;
			remoteInfo = FoodOrder;
		};
		14A2D2B727C29ADE002CB34B /* PBXContainerItemProxy */ = {
			isa = PBXContainerItemProxy;
			containerPortal = 14A2D29227C29ADD002CB34B /* Project object */;
			proxyType = 1;
			remoteGlobalIDString = 14A2D29927C29ADD002CB34B;
			remoteInfo = FoodOrder;
		};
/* End PBXContainerItemProxy section */

/* Begin PBXFileReference section */
		142EB15F27C5CA60004DA7EA /* RestourantDetailView.swift */ = {isa = PBXFileReference; lastKnownFileType = sourcecode.swift; path = RestourantDetailView.swift; sourceTree = "<group>"; };
		142EB16227C5E02A004DA7EA /* TextStyle.swift */ = {isa = PBXFileReference; lastKnownFileType = sourcecode.swift; path = TextStyle.swift; sourceTree = "<group>"; };
		142EB16427C61DDC004DA7EA /* LoginView.swift */ = {isa = PBXFileReference; lastKnownFileType = sourcecode.swift; path = LoginView.swift; sourceTree = "<group>"; };
		142EB16627C627F6004DA7EA /* TextFieldStyle.swift */ = {isa = PBXFileReference; lastKnownFileType = sourcecode.swift; path = TextFieldStyle.swift; sourceTree = "<group>"; };
		14A2D29A27C29ADD002CB34B /* FoodOrder.app */ = {isa = PBXFileReference; explicitFileType = wrapper.application; includeInIndex = 0; path = FoodOrder.app; sourceTree = BUILT_PRODUCTS_DIR; };
		14A2D29D27C29ADD002CB34B /* FoodOrderApp.swift */ = {isa = PBXFileReference; lastKnownFileType = sourcecode.swift; path = FoodOrderApp.swift; sourceTree = "<group>"; };
		14A2D29F27C29ADD002CB34B /* ContentView.swift */ = {isa = PBXFileReference; lastKnownFileType = sourcecode.swift; path = ContentView.swift; sourceTree = "<group>"; };
		14A2D2A127C29ADE002CB34B /* Assets.xcassets */ = {isa = PBXFileReference; lastKnownFileType = folder.assetcatalog; path = Assets.xcassets; sourceTree = "<group>"; };
		14A2D2A427C29ADE002CB34B /* Preview Assets.xcassets */ = {isa = PBXFileReference; lastKnownFileType = folder.assetcatalog; path = "Preview Assets.xcassets"; sourceTree = "<group>"; };
		14A2D2A627C29ADE002CB34B /* Info.plist */ = {isa = PBXFileReference; lastKnownFileType = text.plist.xml; path = Info.plist; sourceTree = "<group>"; };
		14A2D2AB27C29ADE002CB34B /* FoodOrderTests.xctest */ = {isa = PBXFileReference; explicitFileType = wrapper.cfbundle; includeInIndex = 0; path = FoodOrderTests.xctest; sourceTree = BUILT_PRODUCTS_DIR; };
		14A2D2AF27C29ADE002CB34B /* FoodOrderTests.swift */ = {isa = PBXFileReference; lastKnownFileType = sourcecode.swift; path = FoodOrderTests.swift; sourceTree = "<group>"; };
		14A2D2B127C29ADE002CB34B /* Info.plist */ = {isa = PBXFileReference; lastKnownFileType = text.plist.xml; path = Info.plist; sourceTree = "<group>"; };
		14A2D2B627C29ADE002CB34B /* FoodOrderUITests.xctest */ = {isa = PBXFileReference; explicitFileType = wrapper.cfbundle; includeInIndex = 0; path = FoodOrderUITests.xctest; sourceTree = BUILT_PRODUCTS_DIR; };
		14A2D2BA27C29ADE002CB34B /* FoodOrderUITests.swift */ = {isa = PBXFileReference; lastKnownFileType = sourcecode.swift; path = FoodOrderUITests.swift; sourceTree = "<group>"; };
		14A2D2BC27C29ADE002CB34B /* Info.plist */ = {isa = PBXFileReference; lastKnownFileType = text.plist.xml; path = Info.plist; sourceTree = "<group>"; };
		14A2D2C927C29BD8002CB34B /* OnboardingView.swift */ = {isa = PBXFileReference; lastKnownFileType = sourcecode.swift; path = OnboardingView.swift; sourceTree = "<group>"; };
		14B7F49227C54B2600B31F1D /* Color.swift */ = {isa = PBXFileReference; lastKnownFileType = sourcecode.swift; path = Color.swift; sourceTree = "<group>"; };
		14B7F49527C5554F00B31F1D /* Restaurant.swift */ = {isa = PBXFileReference; lastKnownFileType = sourcecode.swift; path = Restaurant.swift; sourceTree = "<group>"; };
		14B7F49727C565B200B31F1D /* Menu.swift */ = {isa = PBXFileReference; lastKnownFileType = sourcecode.swift; path = Menu.swift; sourceTree = "<group>"; };
		14D64B6127C2AC6400DA69A9 /* HomeView.swift */ = {isa = PBXFileReference; lastKnownFileType = sourcecode.swift; path = HomeView.swift; sourceTree = "<group>"; };
/* End PBXFileReference section */

/* Begin PBXFrameworksBuildPhase section */
		14A2D29727C29ADD002CB34B /* Frameworks */ = {
			isa = PBXFrameworksBuildPhase;
			buildActionMask = 2147483647;
			files = (
			);
			runOnlyForDeploymentPostprocessing = 0;
		};
		14A2D2A827C29ADE002CB34B /* Frameworks */ = {
			isa = PBXFrameworksBuildPhase;
			buildActionMask = 2147483647;
			files = (
			);
			runOnlyForDeploymentPostprocessing = 0;
		};
		14A2D2B327C29ADE002CB34B /* Frameworks */ = {
			isa = PBXFrameworksBuildPhase;
			buildActionMask = 2147483647;
			files = (
			);
			runOnlyForDeploymentPostprocessing = 0;
		};
/* End PBXFrameworksBuildPhase section */

/* Begin PBXGroup section */
		142EB16127C5DFB2004DA7EA /* style */ = {
			isa = PBXGroup;
			children = (
				142EB16227C5E02A004DA7EA /* TextStyle.swift */,
				142EB16627C627F6004DA7EA /* TextFieldStyle.swift */,
			);
			path = style;
			sourceTree = "<group>";
		};
		14A2D29127C29ADD002CB34B = {
			isa = PBXGroup;
			children = (
				14A2D29C27C29ADD002CB34B /* FoodOrder */,
				14A2D2AE27C29ADE002CB34B /* FoodOrderTests */,
				14A2D2B927C29ADE002CB34B /* FoodOrderUITests */,
				14A2D29B27C29ADD002CB34B /* Products */,
			);
			sourceTree = "<group>";
		};
		14A2D29B27C29ADD002CB34B /* Products */ = {
			isa = PBXGroup;
			children = (
				14A2D29A27C29ADD002CB34B /* FoodOrder.app */,
				14A2D2AB27C29ADE002CB34B /* FoodOrderTests.xctest */,
				14A2D2B627C29ADE002CB34B /* FoodOrderUITests.xctest */,
			);
			name = Products;
			sourceTree = "<group>";
		};
		14A2D29C27C29ADD002CB34B /* FoodOrder */ = {
			isa = PBXGroup;
			children = (
				142EB16127C5DFB2004DA7EA /* style */,
				14B7F49427C5505400B31F1D /* model */,
				14B7F49127C54AF400B31F1D /* extensions */,
				14A2D2C827C29BAE002CB34B /* view */,
				14A2D29D27C29ADD002CB34B /* FoodOrderApp.swift */,
				14A2D29F27C29ADD002CB34B /* ContentView.swift */,
				14A2D2A127C29ADE002CB34B /* Assets.xcassets */,
				14A2D2A627C29ADE002CB34B /* Info.plist */,
				14A2D2A327C29ADE002CB34B /* Preview Content */,
			);
			path = FoodOrder;
			sourceTree = "<group>";
		};
		14A2D2A327C29ADE002CB34B /* Preview Content */ = {
			isa = PBXGroup;
			children = (
				14A2D2A427C29ADE002CB34B /* Preview Assets.xcassets */,
			);
			path = "Preview Content";
			sourceTree = "<group>";
		};
		14A2D2AE27C29ADE002CB34B /* FoodOrderTests */ = {
			isa = PBXGroup;
			children = (
				14A2D2AF27C29ADE002CB34B /* FoodOrderTests.swift */,
				14A2D2B127C29ADE002CB34B /* Info.plist */,
			);
			path = FoodOrderTests;
			sourceTree = "<group>";
		};
		14A2D2B927C29ADE002CB34B /* FoodOrderUITests */ = {
			isa = PBXGroup;
			children = (
				14A2D2BA27C29ADE002CB34B /* FoodOrderUITests.swift */,
				14A2D2BC27C29ADE002CB34B /* Info.plist */,
			);
			path = FoodOrderUITests;
			sourceTree = "<group>";
		};
		14A2D2C827C29BAE002CB34B /* view */ = {
			isa = PBXGroup;
			children = (
				14A2D2C927C29BD8002CB34B /* OnboardingView.swift */,
				14D64B6127C2AC6400DA69A9 /* HomeView.swift */,
				142EB15F27C5CA60004DA7EA /* RestourantDetailView.swift */,
				142EB16427C61DDC004DA7EA /* LoginView.swift */,
			);
			path = view;
			sourceTree = "<group>";
		};
		14B7F49127C54AF400B31F1D /* extensions */ = {
			isa = PBXGroup;
			children = (
				14B7F49227C54B2600B31F1D /* Color.swift */,
			);
			path = extensions;
			sourceTree = "<group>";
		};
		14B7F49427C5505400B31F1D /* model */ = {
			isa = PBXGroup;
			children = (
				14B7F49527C5554F00B31F1D /* Restaurant.swift */,
				14B7F49727C565B200B31F1D /* Menu.swift */,
			);
			path = model;
			sourceTree = "<group>";
		};
/* End PBXGroup section */

/* Begin PBXNativeTarget section */
		14A2D29927C29ADD002CB34B /* FoodOrder */ = {
			isa = PBXNativeTarget;
			buildConfigurationList = 14A2D2BF27C29ADE002CB34B /* Build configuration list for PBXNativeTarget "FoodOrder" */;
			buildPhases = (
				14A2D29627C29ADD002CB34B /* Sources */,
				14A2D29727C29ADD002CB34B /* Frameworks */,
				14A2D29827C29ADD002CB34B /* Resources */,
			);
			buildRules = (
			);
			dependencies = (
			);
			name = FoodOrder;
			productName = FoodOrder;
			productReference = 14A2D29A27C29ADD002CB34B /* FoodOrder.app */;
			productType = "com.apple.product-type.application";
		};
		14A2D2AA27C29ADE002CB34B /* FoodOrderTests */ = {
			isa = PBXNativeTarget;
			buildConfigurationList = 14A2D2C227C29ADE002CB34B /* Build configuration list for PBXNativeTarget "FoodOrderTests" */;
			buildPhases = (
				14A2D2A727C29ADE002CB34B /* Sources */,
				14A2D2A827C29ADE002CB34B /* Frameworks */,
				14A2D2A927C29ADE002CB34B /* Resources */,
			);
			buildRules = (
			);
			dependencies = (
				14A2D2AD27C29ADE002CB34B /* PBXTargetDependency */,
			);
			name = FoodOrderTests;
			productName = FoodOrderTests;
			productReference = 14A2D2AB27C29ADE002CB34B /* FoodOrderTests.xctest */;
			productType = "com.apple.product-type.bundle.unit-test";
		};
		14A2D2B527C29ADE002CB34B /* FoodOrderUITests */ = {
			isa = PBXNativeTarget;
			buildConfigurationList = 14A2D2C527C29ADE002CB34B /* Build configuration list for PBXNativeTarget "FoodOrderUITests" */;
			buildPhases = (
				14A2D2B227C29ADE002CB34B /* Sources */,
				14A2D2B327C29ADE002CB34B /* Frameworks */,
				14A2D2B427C29ADE002CB34B /* Resources */,
			);
			buildRules = (
			);
			dependencies = (
				14A2D2B827C29ADE002CB34B /* PBXTargetDependency */,
			);
			name = FoodOrderUITests;
			productName = FoodOrderUITests;
			productReference = 14A2D2B627C29ADE002CB34B /* FoodOrderUITests.xctest */;
			productType = "com.apple.product-type.bundle.ui-testing";
		};
/* End PBXNativeTarget section */

/* Begin PBXProject section */
		14A2D29227C29ADD002CB34B /* Project object */ = {
			isa = PBXProject;
			attributes = {
				LastSwiftUpdateCheck = 1250;
				LastUpgradeCheck = 1250;
				TargetAttributes = {
					14A2D29927C29ADD002CB34B = {
						CreatedOnToolsVersion = 12.5.1;
					};
					14A2D2AA27C29ADE002CB34B = {
						CreatedOnToolsVersion = 12.5.1;
						TestTargetID = 14A2D29927C29ADD002CB34B;
					};
					14A2D2B527C29ADE002CB34B = {
						CreatedOnToolsVersion = 12.5.1;
						TestTargetID = 14A2D29927C29ADD002CB34B;
					};
				};
			};
			buildConfigurationList = 14A2D29527C29ADD002CB34B /* Build configuration list for PBXProject "FoodOrder" */;
			compatibilityVersion = "Xcode 9.3";
			developmentRegion = en;
			hasScannedForEncodings = 0;
			knownRegions = (
				en,
				Base,
			);
			mainGroup = 14A2D29127C29ADD002CB34B;
			productRefGroup = 14A2D29B27C29ADD002CB34B /* Products */;
			projectDirPath = "";
			projectRoot = "";
			targets = (
				14A2D29927C29ADD002CB34B /* FoodOrder */,
				14A2D2AA27C29ADE002CB34B /* FoodOrderTests */,
				14A2D2B527C29ADE002CB34B /* FoodOrderUITests */,
			);
		};
/* End PBXProject section */

/* Begin PBXResourcesBuildPhase section */
		14A2D29827C29ADD002CB34B /* Resources */ = {
			isa = PBXResourcesBuildPhase;
			buildActionMask = 2147483647;
			files = (
				14A2D2A527C29ADE002CB34B /* Preview Assets.xcassets in Resources */,
				14A2D2A227C29ADE002CB34B /* Assets.xcassets in Resources */,
			);
			runOnlyForDeploymentPostprocessing = 0;
		};
		14A2D2A927C29ADE002CB34B /* Resources */ = {
			isa = PBXResourcesBuildPhase;
			buildActionMask = 2147483647;
			files = (
			);
			runOnlyForDeploymentPostprocessing = 0;
		};
		14A2D2B427C29ADE002CB34B /* Resources */ = {
			isa = PBXResourcesBuildPhase;
			buildActionMask = 2147483647;
			files = (
			);
			runOnlyForDeploymentPostprocessing = 0;
		};
/* End PBXResourcesBuildPhase section */

/* Begin PBXSourcesBuildPhase section */
		14A2D29627C29ADD002CB34B /* Sources */ = {
			isa = PBXSourcesBuildPhase;
			buildActionMask = 2147483647;
			files = (
				142EB16327C5E02A004DA7EA /* TextStyle.swift in Sources */,
				14A2D2CA27C29BD8002CB34B /* OnboardingView.swift in Sources */,
				14D64B6227C2AC6400DA69A9 /* HomeView.swift in Sources */,
				142EB16027C5CA60004DA7EA /* RestourantDetailView.swift in Sources */,
				14B7F49827C565B200B31F1D /* Menu.swift in Sources */,
				14B7F49627C5554F00B31F1D /* Restaurant.swift in Sources */,
				14A2D2A027C29ADD002CB34B /* ContentView.swift in Sources */,
				142EB16727C627F6004DA7EA /* TextFieldStyle.swift in Sources */,
				14B7F49327C54B2600B31F1D /* Color.swift in Sources */,
				142EB16527C61DDC004DA7EA /* LoginView.swift in Sources */,
				14A2D29E27C29ADD002CB34B /* FoodOrderApp.swift in Sources */,
			);
			runOnlyForDeploymentPostprocessing = 0;
		};
		14A2D2A727C29ADE002CB34B /* Sources */ = {
			isa = PBXSourcesBuildPhase;
			buildActionMask = 2147483647;
			files = (
				14A2D2B027C29ADE002CB34B /* FoodOrderTests.swift in Sources */,
			);
			runOnlyForDeploymentPostprocessing = 0;
		};
		14A2D2B227C29ADE002CB34B /* Sources */ = {
			isa = PBXSourcesBuildPhase;
			buildActionMask = 2147483647;
			files = (
				14A2D2BB27C29ADE002CB34B /* FoodOrderUITests.swift in Sources */,
			);
			runOnlyForDeploymentPostprocessing = 0;
		};
/* End PBXSourcesBuildPhase section */

/* Begin PBXTargetDependency section */
		14A2D2AD27C29ADE002CB34B /* PBXTargetDependency */ = {
			isa = PBXTargetDependency;
			target = 14A2D29927C29ADD002CB34B /* FoodOrder */;
			targetProxy = 14A2D2AC27C29ADE002CB34B /* PBXContainerItemProxy */;
		};
		14A2D2B827C29ADE002CB34B /* PBXTargetDependency */ = {
			isa = PBXTargetDependency;
			target = 14A2D29927C29ADD002CB34B /* FoodOrder */;
			targetProxy = 14A2D2B727C29ADE002CB34B /* PBXContainerItemProxy */;
		};
/* End PBXTargetDependency section */

/* Begin XCBuildConfiguration section */
		14A2D2BD27C29ADE002CB34B /* Debug */ = {
			isa = XCBuildConfiguration;
			buildSettings = {
				ALWAYS_SEARCH_USER_PATHS = NO;
				CLANG_ANALYZER_NONNULL = YES;
				CLANG_ANALYZER_NUMBER_OBJECT_CONVERSION = YES_AGGRESSIVE;
				CLANG_CXX_LANGUAGE_STANDARD = "gnu++14";
				CLANG_CXX_LIBRARY = "libc++";
				CLANG_ENABLE_MODULES = YES;
				CLANG_ENABLE_OBJC_ARC = YES;
				CLANG_ENABLE_OBJC_WEAK = YES;
				CLANG_WARN_BLOCK_CAPTURE_AUTORELEASING = YES;
				CLANG_WARN_BOOL_CONVERSION = YES;
				CLANG_WARN_COMMA = YES;
				CLANG_WARN_CONSTANT_CONVERSION = YES;
				CLANG_WARN_DEPRECATED_OBJC_IMPLEMENTATIONS = YES;
				CLANG_WARN_DIRECT_OBJC_ISA_USAGE = YES_ERROR;
				CLANG_WARN_DOCUMENTATION_COMMENTS = YES;
				CLANG_WARN_EMPTY_BODY = YES;
				CLANG_WARN_ENUM_CONVERSION = YES;
				CLANG_WARN_INFINITE_RECURSION = YES;
				CLANG_WARN_INT_CONVERSION = YES;
				CLANG_WARN_NON_LITERAL_NULL_CONVERSION = YES;
				CLANG_WARN_OBJC_IMPLICIT_RETAIN_SELF = YES;
				CLANG_WARN_OBJC_LITERAL_CONVERSION = YES;
				CLANG_WARN_OBJC_ROOT_CLASS = YES_ERROR;
				CLANG_WARN_QUOTED_INCLUDE_IN_FRAMEWORK_HEADER = YES;
				CLANG_WARN_RANGE_LOOP_ANALYSIS = YES;
				CLANG_WARN_STRICT_PROTOTYPES = YES;
				CLANG_WARN_SUSPICIOUS_MOVE = YES;
				CLANG_WARN_UNGUARDED_AVAILABILITY = YES_AGGRESSIVE;
				CLANG_WARN_UNREACHABLE_CODE = YES;
				CLANG_WARN__DUPLICATE_METHOD_MATCH = YES;
				COPY_PHASE_STRIP = NO;
				DEBUG_INFORMATION_FORMAT = dwarf;
				ENABLE_STRICT_OBJC_MSGSEND = YES;
				ENABLE_TESTABILITY = YES;
				GCC_C_LANGUAGE_STANDARD = gnu11;
				GCC_DYNAMIC_NO_PIC = NO;
				GCC_NO_COMMON_BLOCKS = YES;
				GCC_OPTIMIZATION_LEVEL = 0;
				GCC_PREPROCESSOR_DEFINITIONS = (
					"DEBUG=1",
					"$(inherited)",
				);
				GCC_WARN_64_TO_32_BIT_CONVERSION = YES;
				GCC_WARN_ABOUT_RETURN_TYPE = YES_ERROR;
				GCC_WARN_UNDECLARED_SELECTOR = YES;
				GCC_WARN_UNINITIALIZED_AUTOS = YES_AGGRESSIVE;
				GCC_WARN_UNUSED_FUNCTION = YES;
				GCC_WARN_UNUSED_VARIABLE = YES;
				IPHONEOS_DEPLOYMENT_TARGET = 14.5;
				MTL_ENABLE_DEBUG_INFO = INCLUDE_SOURCE;
				MTL_FAST_MATH = YES;
				ONLY_ACTIVE_ARCH = YES;
				SDKROOT = iphoneos;
				SWIFT_ACTIVE_COMPILATION_CONDITIONS = DEBUG;
				SWIFT_OPTIMIZATION_LEVEL = "-Onone";
			};
			name = Debug;
		};
		14A2D2BE27C29ADE002CB34B /* Release */ = {
			isa = XCBuildConfiguration;
			buildSettings = {
				ALWAYS_SEARCH_USER_PATHS = NO;
				CLANG_ANALYZER_NONNULL = YES;
				CLANG_ANALYZER_NUMBER_OBJECT_CONVERSION = YES_AGGRESSIVE;
				CLANG_CXX_LANGUAGE_STANDARD = "gnu++14";
				CLANG_CXX_LIBRARY = "libc++";
				CLANG_ENABLE_MODULES = YES;
				CLANG_ENABLE_OBJC_ARC = YES;
				CLANG_ENABLE_OBJC_WEAK = YES;
				CLANG_WARN_BLOCK_CAPTURE_AUTORELEASING = YES;
				CLANG_WARN_BOOL_CONVERSION = YES;
				CLANG_WARN_COMMA = YES;
				CLANG_WARN_CONSTANT_CONVERSION = YES;
				CLANG_WARN_DEPRECATED_OBJC_IMPLEMENTATIONS = YES;
				CLANG_WARN_DIRECT_OBJC_ISA_USAGE = YES_ERROR;
				CLANG_WARN_DOCUMENTATION_COMMENTS = YES;
				CLANG_WARN_EMPTY_BODY = YES;
				CLANG_WARN_ENUM_CONVERSION = YES;
				CLANG_WARN_INFINITE_RECURSION = YES;
				CLANG_WARN_INT_CONVERSION = YES;
				CLANG_WARN_NON_LITERAL_NULL_CONVERSION = YES;
				CLANG_WARN_OBJC_IMPLICIT_RETAIN_SELF = YES;
				CLANG_WARN_OBJC_LITERAL_CONVERSION = YES;
				CLANG_WARN_OBJC_ROOT_CLASS = YES_ERROR;
				CLANG_WARN_QUOTED_INCLUDE_IN_FRAMEWORK_HEADER = YES;
				CLANG_WARN_RANGE_LOOP_ANALYSIS = YES;
				CLANG_WARN_STRICT_PROTOTYPES = YES;
				CLANG_WARN_SUSPICIOUS_MOVE = YES;
				CLANG_WARN_UNGUARDED_AVAILABILITY = YES_AGGRESSIVE;
				CLANG_WARN_UNREACHABLE_CODE = YES;
				CLANG_WARN__DUPLICATE_METHOD_MATCH = YES;
				COPY_PHASE_STRIP = NO;
				DEBUG_INFORMATION_FORMAT = "dwarf-with-dsym";
				ENABLE_NS_ASSERTIONS = NO;
				ENABLE_STRICT_OBJC_MSGSEND = YES;
				GCC_C_LANGUAGE_STANDARD = gnu11;
				GCC_NO_COMMON_BLOCKS = YES;
				GCC_WARN_64_TO_32_BIT_CONVERSION = YES;
				GCC_WARN_ABOUT_RETURN_TYPE = YES_ERROR;
				GCC_WARN_UNDECLARED_SELECTOR = YES;
				GCC_WARN_UNINITIALIZED_AUTOS = YES_AGGRESSIVE;
				GCC_WARN_UNUSED_FUNCTION = YES;
				GCC_WARN_UNUSED_VARIABLE = YES;
				IPHONEOS_DEPLOYMENT_TARGET = 14.5;
				MTL_ENABLE_DEBUG_INFO = NO;
				MTL_FAST_MATH = YES;
				SDKROOT = iphoneos;
				SWIFT_COMPILATION_MODE = wholemodule;
				SWIFT_OPTIMIZATION_LEVEL = "-O";
				VALIDATE_PRODUCT = YES;
			};
			name = Release;
		};
		14A2D2C027C29ADE002CB34B /* Debug */ = {
			isa = XCBuildConfiguration;
			buildSettings = {
				ASSETCATALOG_COMPILER_APPICON_NAME = AppIcon;
				ASSETCATALOG_COMPILER_GLOBAL_ACCENT_COLOR_NAME = AccentColor;
				CODE_SIGN_STYLE = Automatic;
				DEVELOPMENT_ASSET_PATHS = "\"FoodOrder/Preview Content\"";
				ENABLE_PREVIEWS = YES;
				INFOPLIST_FILE = FoodOrder/Info.plist;
				IPHONEOS_DEPLOYMENT_TARGET = 14.0;
				LD_RUNPATH_SEARCH_PATHS = (
					"$(inherited)",
					"@executable_path/Frameworks",
				);
				PRODUCT_BUNDLE_IDENTIFIER = com.himawanmasyaid.FoodOrder;
				PRODUCT_NAME = "$(TARGET_NAME)";
				SWIFT_VERSION = 5.0;
				TARGETED_DEVICE_FAMILY = "1,2";
			};
			name = Debug;
		};
		14A2D2C127C29ADE002CB34B /* Release */ = {
			isa = XCBuildConfiguration;
			buildSettings = {
				ASSETCATALOG_COMPILER_APPICON_NAME = AppIcon;
				ASSETCATALOG_COMPILER_GLOBAL_ACCENT_COLOR_NAME = AccentColor;
				CODE_SIGN_STYLE = Automatic;
				DEVELOPMENT_ASSET_PATHS = "\"FoodOrder/Preview Content\"";
				ENABLE_PREVIEWS = YES;
				INFOPLIST_FILE = FoodOrder/Info.plist;
				IPHONEOS_DEPLOYMENT_TARGET = 14.0;
				LD_RUNPATH_SEARCH_PATHS = (
					"$(inherited)",
					"@executable_path/Frameworks",
				);
				PRODUCT_BUNDLE_IDENTIFIER = com.himawanmasyaid.FoodOrder;
				PRODUCT_NAME = "$(TARGET_NAME)";
				SWIFT_VERSION = 5.0;
				TARGETED_DEVICE_FAMILY = "1,2";
			};
			name = Release;
		};
		14A2D2C327C29ADE002CB34B /* Debug */ = {
			isa = XCBuildConfiguration;
			buildSettings = {
				ALWAYS_EMBED_SWIFT_STANDARD_LIBRARIES = YES;
				BUNDLE_LOADER = "$(TEST_HOST)";
				CODE_SIGN_STYLE = Automatic;
				INFOPLIST_FILE = FoodOrderTests/Info.plist;
				IPHONEOS_DEPLOYMENT_TARGET = 14.0;
				LD_RUNPATH_SEARCH_PATHS = (
					"$(inherited)",
					"@executable_path/Frameworks",
					"@loader_path/Frameworks",
				);
				PRODUCT_BUNDLE_IDENTIFIER = com.himawanmasyaid.FoodOrderTests;
				PRODUCT_NAME = "$(TARGET_NAME)";
				SWIFT_VERSION = 5.0;
				TARGETED_DEVICE_FAMILY = "1,2";
				TEST_HOST = "$(BUILT_PRODUCTS_DIR)/FoodOrder.app/FoodOrder";
			};
			name = Debug;
		};
		14A2D2C427C29ADE002CB34B /* Release */ = {
			isa = XCBuildConfiguration;
			buildSettings = {
				ALWAYS_EMBED_SWIFT_STANDARD_LIBRARIES = YES;
				BUNDLE_LOADER = "$(TEST_HOST)";
				CODE_SIGN_STYLE = Automatic;
				INFOPLIST_FILE = FoodOrderTests/Info.plist;
				IPHONEOS_DEPLOYMENT_TARGET = 14.0;
				LD_RUNPATH_SEARCH_PATHS = (
					"$(inherited)",
					"@executable_path/Frameworks",
					"@loader_path/Frameworks",
				);
				PRODUCT_BUNDLE_IDENTIFIER = com.himawanmasyaid.FoodOrderTests;
				PRODUCT_NAME = "$(TARGET_NAME)";
				SWIFT_VERSION = 5.0;
				TARGETED_DEVICE_FAMILY = "1,2";
				TEST_HOST = "$(BUILT_PRODUCTS_DIR)/FoodOrder.app/FoodOrder";
			};
			name = Release;
		};
		14A2D2C627C29ADE002CB34B /* Debug */ = {
			isa = XCBuildConfiguration;
			buildSettings = {
				ALWAYS_EMBED_SWIFT_STANDARD_LIBRARIES = YES;
				CODE_SIGN_STYLE = Automatic;
				INFOPLIST_FILE = FoodOrderUITests/Info.plist;
				LD_RUNPATH_SEARCH_PATHS = (
					"$(inherited)",
					"@executable_path/Frameworks",
					"@loader_path/Frameworks",
				);
				PRODUCT_BUNDLE_IDENTIFIER = com.himawanmasyaid.FoodOrderUITests;
				PRODUCT_NAME = "$(TARGET_NAME)";
				SWIFT_VERSION = 5.0;
				TARGETED_DEVICE_FAMILY = "1,2";
				TEST_TARGET_NAME = FoodOrder;
			};
			name = Debug;
		};
		14A2D2C727C29ADE002CB34B /* Release */ = {
			isa = XCBuildConfiguration;
			buildSettings = {
				ALWAYS_EMBED_SWIFT_STANDARD_LIBRARIES = YES;
				CODE_SIGN_STYLE = Automatic;
				INFOPLIST_FILE = FoodOrderUITests/Info.plist;
				LD_RUNPATH_SEARCH_PATHS = (
					"$(inherited)",
					"@executable_path/Frameworks",
					"@loader_path/Frameworks",
				);
				PRODUCT_BUNDLE_IDENTIFIER = com.himawanmasyaid.FoodOrderUITests;
				PRODUCT_NAME = "$(TARGET_NAME)";
				SWIFT_VERSION = 5.0;
				TARGETED_DEVICE_FAMILY = "1,2";
				TEST_TARGET_NAME = FoodOrder;
			};
			name = Release;
		};
/* End XCBuildConfiguration section */

/* Begin XCConfigurationList section */
		14A2D29527C29ADD002CB34B /* Build configuration list for PBXProject "FoodOrder" */ = {
			isa = XCConfigurationList;
			buildConfigurations = (
				14A2D2BD27C29ADE002CB34B /* Debug */,
				14A2D2BE27C29ADE002CB34B /* Release */,
			);
			defaultConfigurationIsVisible = 0;
			defaultConfigurationName = Release;
		};
		14A2D2BF27C29ADE002CB34B /* Build configuration list for PBXNativeTarget "FoodOrder" */ = {
			isa = XCConfigurationList;
			buildConfigurations = (
				14A2D2C027C29ADE002CB34B /* Debug */,
				14A2D2C127C29ADE002CB34B /* Release */,
			);
			defaultConfigurationIsVisible = 0;
			defaultConfigurationName = Release;
		};
		14A2D2C227C29ADE002CB34B /* Build configuration list for PBXNativeTarget "FoodOrderTests" */ = {
			isa = XCConfigurationList;
			buildConfigurations = (
				14A2D2C327C29ADE002CB34B /* Debug */,
				14A2D2C427C29ADE002CB34B /* Release */,
			);
			defaultConfigurationIsVisible = 0;
			defaultConfigurationName = Release;
		};
		14A2D2C527C29ADE002CB34B /* Build configuration list for PBXNativeTarget "FoodOrderUITests" */ = {
			isa = XCConfigurationList;
			buildConfigurations = (
				14A2D2C627C29ADE002CB34B /* Debug */,
				14A2D2C727C29ADE002CB34B /* Release */,
			);
			defaultConfigurationIsVisible = 0;
			defaultConfigurationName = Release;
		};
/* End XCConfigurationList section */
	};
	rootObject = 14A2D29227C29ADD002CB34B /* Project object */;
}
